
Microsoft Visual Studio Solution File, Format Version 12.00
# Visual Studio 2015
Project("{FAE04EC0-301F-11D3-BF4B-00C04F79EFBC}") = "testcopy.CSharp.Plugins", "testcopy.CSharp.Plugins.csproj", "{070D3107-D788-2664-5094-8A42C3766C04}"
EndProject
Project("{FAE04EC0-301F-11D3-BF4B-00C04F79EFBC}") = "testcopy.CSharp", "testcopy.CSharp.csproj", "{0BC39A1C-D624-786A-C568-CCB18FE9590C}"
EndProject
Project("{FAE04EC0-301F-11D3-BF4B-00C04F79EFBC}") = "testcopy.CSharp.Editor", "testcopy.CSharp.Editor.csproj", "{AB904291-482D-0722-C703-6C7C7BCBC059}"
EndProject
Global
	GlobalSection(SolutionConfigurationPlatforms) = preSolution
		Debug|Any CPU = Debug|Any CPU
		Release|Any CPU = Release|Any CPU
	EndGlobalSection
	GlobalSection(ProjectConfigurationPlatforms) = postSolution
		{070D3107-D788-2664-5094-8A42C3766C04}.Debug|Any CPU.ActiveCfg = Debug|Any CPU
		{070D3107-D788-2664-5094-8A42C3766C04}.Debug|Any CPU.Build.0 = Debug|Any CPU
		{070D3107-D788-2664-5094-8A42C3766C04}.Release|Any CPU.ActiveCfg = Release|Any CPU
		{070D3107-D788-2664-5094-8A42C3766C04}.Release|Any CPU.Build.0 = Release|Any CPU
		{0BC39A1C-D624-786A-C568-CCB18FE9590C}.Debug|Any CPU.ActiveCfg = Debug|Any CPU
		{0BC39A1C-D624-786A-C568-CCB18FE9590C}.Debug|Any CPU.Build.0 = Debug|Any CPU
		{0BC39A1C-D624-786A-C568-CCB18FE9590C}.Release|Any CPU.ActiveCfg = Release|Any CPU
		{0BC39A1C-D624-786A-C568-CCB18FE9590C}.Release|Any CPU.Build.0 = Release|Any CPU
		{AB904291-482D-0722-C703-6C7C7BCBC059}.Debug|Any CPU.ActiveCfg = Debug|Any CPU
		{AB904291-482D-0722-C703-6C7C7BCBC059}.Debug|Any CPU.Build.0 = Debug|Any CPU
		{AB904291-482D-0722-C703-6C7C7BCBC059}.Release|Any CPU.ActiveCfg = Release|Any CPU
		{AB904291-482D-0722-C703-6C7C7BCBC059}.Release|Any CPU.Build.0 = Release|Any CPU
	EndGlobalSection
	GlobalSection(SolutionProperties) = preSolution
		HideSolutionNode = FALSE
	EndGlobalSection
EndGlobal
