
Microsoft Visual Studio Solution File, Format Version 12.00
# Visual Studio 2015
Project("{FAE04EC0-301F-11D3-BF4B-00C04F79EFBC}") = "test_project.CSharp", "test_project.CSharp.csproj", "{C8DEC90C-68BB-2E48-DE2D-05FA7B74EC1E}"
EndProject
Project("{FAE04EC0-301F-11D3-BF4B-00C04F79EFBC}") = "test_project.CSharp.Editor", "test_project.CSharp.Editor.csproj", "{DE8D448C-E095-5B3F-6469-EC8E40ED4B7F}"
EndProject
Global
	GlobalSection(SolutionConfigurationPlatforms) = preSolution
		Debug|Any CPU = Debug|Any CPU
		Release|Any CPU = Release|Any CPU
	EndGlobalSection
	GlobalSection(ProjectConfigurationPlatforms) = postSolution
		{C8DEC90C-68BB-2E48-DE2D-05FA7B74EC1E}.Debug|Any CPU.ActiveCfg = Debug|Any CPU
		{C8DEC90C-68BB-2E48-DE2D-05FA7B74EC1E}.Debug|Any CPU.Build.0 = Debug|Any CPU
		{C8DEC90C-68BB-2E48-DE2D-05FA7B74EC1E}.Release|Any CPU.ActiveCfg = Release|Any CPU
		{C8DEC90C-68BB-2E48-DE2D-05FA7B74EC1E}.Release|Any CPU.Build.0 = Release|Any CPU
		{DE8D448C-E095-5B3F-6469-EC8E40ED4B7F}.Debug|Any CPU.ActiveCfg = Debug|Any CPU
		{DE8D448C-E095-5B3F-6469-EC8E40ED4B7F}.Debug|Any CPU.Build.0 = Debug|Any CPU
		{DE8D448C-E095-5B3F-6469-EC8E40ED4B7F}.Release|Any CPU.ActiveCfg = Release|Any CPU
		{DE8D448C-E095-5B3F-6469-EC8E40ED4B7F}.Release|Any CPU.Build.0 = Release|Any CPU
	EndGlobalSection
	GlobalSection(SolutionProperties) = preSolution
		HideSolutionNode = FALSE
	EndGlobalSection
EndGlobal
